
Microsoft Visual Studio Solution File, Format Version 12.00
# Visual Studio 2013
VisualStudioVersion = 12.0.30110.0
MinimumVisualStudioVersion = 10.0.40219.1
Project("{FAE04EC0-301F-11D3-BF4B-00C04F79EFBC}") = "USB SuspendOnIdle", "USB SuspendOnIdle\USB SuspendOnIdle.csproj", "{0F1D014B-19B9-4F59-8618-348D08B9C52C}"
EndProject
Project("{FAE04EC0-301F-11D3-BF4B-00C04F79EFBC}") = "HtmlRenderer", "HtmlRenderer\HtmlRenderer.csproj", "{1B058920-24B4-4140-8AE7-C8C6C38CA52D}"
EndProject
Global
	GlobalSection(SolutionConfigurationPlatforms) = preSolution
		Debug|Any CPU = Debug|Any CPU
		Release|Any CPU = Release|Any CPU
	EndGlobalSection
	GlobalSection(ProjectConfigurationPlatforms) = postSolution
		{0F1D014B-19B9-4F59-8618-348D08B9C52C}.Debug|Any CPU.ActiveCfg = Debug|Any CPU
		{0F1D014B-19B9-4F59-8618-348D08B9C52C}.Debug|Any CPU.Build.0 = Debug|Any CPU
		{0F1D014B-19B9-4F59-8618-348D08B9C52C}.Release|Any CPU.ActiveCfg = Release|Any CPU
		{0F1D014B-19B9-4F59-8618-348D08B9C52C}.Release|Any CPU.Build.0 = Release|Any CPU
		{1B058920-24B4-4140-8AE7-C8C6C38CA52D}.Debug|Any CPU.ActiveCfg = Debug|Any CPU
		{1B058920-24B4-4140-8AE7-C8C6C38CA52D}.Debug|Any CPU.Build.0 = Debug|Any CPU
		{1B058920-24B4-4140-8AE7-C8C6C38CA52D}.Release|Any CPU.ActiveCfg = Release|Any CPU
		{1B058920-24B4-4140-8AE7-C8C6C38CA52D}.Release|Any CPU.Build.0 = Release|Any CPU
	EndGlobalSection
	GlobalSection(SolutionProperties) = preSolution
		HideSolutionNode = FALSE
	EndGlobalSection
EndGlobal
